// !$*UTF8*$!
{
	archiveVersion = 1;
	classes = {
	};
	objectVersion = 46;
	objects = {

/* Begin PBXBuildFile section */
		69AB875F0D41BD079FEB23F9 /* libPods.a in Frameworks */ = {isa = PBXBuildFile; fileRef = F4D29D854CD7DD50863B22BA /* libPods.a */; };
		843B2D631A4CC2CD00B39CAF /* CompleteChallengeViewController.m in Sources */ = {isa = PBXBuildFile; fileRef = 843B2D611A4CC2CD00B39CAF /* CompleteChallengeViewController.m */; };
		84CED7191A51F5010011D326 /* Gotham-Black.ttf in Resources */ = {isa = PBXBuildFile; fileRef = 84CED7091A51F5010011D326 /* Gotham-Black.ttf */; };
		84CED71A1A51F5010011D326 /* Gotham-BlackItalic.ttf in Resources */ = {isa = PBXBuildFile; fileRef = 84CED70A1A51F5010011D326 /* Gotham-BlackItalic.ttf */; };
		84CED71B1A51F5010011D326 /* Gotham-Bold.ttf in Resources */ = {isa = PBXBuildFile; fileRef = 84CED70B1A51F5010011D326 /* Gotham-Bold.ttf */; };
		84CED71C1A51F5010011D326 /* Gotham-BoldItalic.ttf in Resources */ = {isa = PBXBuildFile; fileRef = 84CED70C1A51F5010011D326 /* Gotham-BoldItalic.ttf */; };
		84CED71D1A51F5010011D326 /* Gotham-Book.ttf in Resources */ = {isa = PBXBuildFile; fileRef = 84CED70D1A51F5010011D326 /* Gotham-Book.ttf */; };
		84CED71E1A51F5010011D326 /* Gotham-BookItalic.ttf in Resources */ = {isa = PBXBuildFile; fileRef = 84CED70E1A51F5010011D326 /* Gotham-BookItalic.ttf */; };
		84CED71F1A51F5010011D326 /* Gotham-Light.ttf in Resources */ = {isa = PBXBuildFile; fileRef = 84CED70F1A51F5010011D326 /* Gotham-Light.ttf */; };
		84CED7201A51F5010011D326 /* Gotham-LightItalic.ttf in Resources */ = {isa = PBXBuildFile; fileRef = 84CED7101A51F5010011D326 /* Gotham-LightItalic.ttf */; };
		84CED7211A51F5010011D326 /* Gotham-Medium.ttf in Resources */ = {isa = PBXBuildFile; fileRef = 84CED7111A51F5010011D326 /* Gotham-Medium.ttf */; };
		84CED7221A51F5010011D326 /* Gotham-MediumItalic.ttf in Resources */ = {isa = PBXBuildFile; fileRef = 84CED7121A51F5010011D326 /* Gotham-MediumItalic.ttf */; };
		84CED7231A51F5010011D326 /* Gotham-Thin.ttf in Resources */ = {isa = PBXBuildFile; fileRef = 84CED7131A51F5010011D326 /* Gotham-Thin.ttf */; };
		84CED7241A51F5010011D326 /* Gotham-ThinItalic.ttf in Resources */ = {isa = PBXBuildFile; fileRef = 84CED7141A51F5010011D326 /* Gotham-ThinItalic.ttf */; };
		84CED7251A51F5010011D326 /* Gotham-Ultra.ttf in Resources */ = {isa = PBXBuildFile; fileRef = 84CED7151A51F5010011D326 /* Gotham-Ultra.ttf */; };
		84CED7261A51F5010011D326 /* Gotham-UltraItalic.ttf in Resources */ = {isa = PBXBuildFile; fileRef = 84CED7161A51F5010011D326 /* Gotham-UltraItalic.ttf */; };
		84CED7271A51F5010011D326 /* Gotham-XLight.ttf in Resources */ = {isa = PBXBuildFile; fileRef = 84CED7171A51F5010011D326 /* Gotham-XLight.ttf */; };
		84CED7281A51F5010011D326 /* Gotham-XLightItalic.ttf in Resources */ = {isa = PBXBuildFile; fileRef = 84CED7181A51F5010011D326 /* Gotham-XLightItalic.ttf */; };
		84EA1FE81A521EB200E240CB /* CustomNavigationViewController.m in Sources */ = {isa = PBXBuildFile; fileRef = 84EA1FE71A521EB200E240CB /* CustomNavigationViewController.m */; };
		8632AA471A52913D00C1248D /* ChallengeDetailViewController.m in Sources */ = {isa = PBXBuildFile; fileRef = 8632AA461A52913D00C1248D /* ChallengeDetailViewController.m */; };
		86B5C6C41A4E6C80001019C5 /* HistoryViewController.m in Sources */ = {isa = PBXBuildFile; fileRef = 86B5C6C31A4E6C80001019C5 /* HistoryViewController.m */; };
		86B5C6C71A4E6E63001019C5 /* CalendarViewController.m in Sources */ = {isa = PBXBuildFile; fileRef = 86B5C6C61A4E6E63001019C5 /* CalendarViewController.m */; };
		86B5C6D61A4E70AC001019C5 /* UIKit.framework in Frameworks */ = {isa = PBXBuildFile; fileRef = 86B5C6D51A4E70AC001019C5 /* UIKit.framework */; };
		86B5C6D91A4E7B02001019C5 /* CalendarTableViewController.m in Sources */ = {isa = PBXBuildFile; fileRef = 86B5C6D81A4E7B02001019C5 /* CalendarTableViewController.m */; };
		86B5C6DC1A4E930F001019C5 /* Challenge.m in Sources */ = {isa = PBXBuildFile; fileRef = 86B5C6DB1A4E930F001019C5 /* Challenge.m */; };
		86B5C6E61A4FF054001019C5 /* ChallengeImageTableViewCell.m in Sources */ = {isa = PBXBuildFile; fileRef = 86B5C6E41A4FF054001019C5 /* ChallengeImageTableViewCell.m */; };
		86B5C6EB1A4FF069001019C5 /* ChallengeCommentTableViewCell.m in Sources */ = {isa = PBXBuildFile; fileRef = 86B5C6E91A4FF069001019C5 /* ChallengeCommentTableViewCell.m */; };
		86B5C6EF1A500695001019C5 /* ChallengeTableViewCell.m in Sources */ = {isa = PBXBuildFile; fileRef = 86B5C6EE1A500695001019C5 /* ChallengeTableViewCell.m */; };
		86B5C6F21A513D73001019C5 /* ChallengeTableViewController.m in Sources */ = {isa = PBXBuildFile; fileRef = 86B5C6F11A513D73001019C5 /* ChallengeTableViewController.m */; };
		86B5C6F51A5143AF001019C5 /* ChallengeHeaderTableViewCell.m in Sources */ = {isa = PBXBuildFile; fileRef = 86B5C6F41A5143AF001019C5 /* ChallengeHeaderTableViewCell.m */; };
		86B5C6F81A5143BC001019C5 /* ChallengeInfoTableViewCell.m in Sources */ = {isa = PBXBuildFile; fileRef = 86B5C6F71A5143BC001019C5 /* ChallengeInfoTableViewCell.m */; };
		86B5C6FC1A51440D001019C5 /* ChallengeButtonTableViewCell.m in Sources */ = {isa = PBXBuildFile; fileRef = 86B5C6FB1A51440D001019C5 /* ChallengeButtonTableViewCell.m */; };
		86B5C6FF1A514D90001019C5 /* ChallengeViewController.m in Sources */ = {isa = PBXBuildFile; fileRef = 86B5C6FE1A514D90001019C5 /* ChallengeViewController.m */; };
		86B5C7031A521028001019C5 /* ChallengeVideoTableViewCell.m in Sources */ = {isa = PBXBuildFile; fileRef = 86B5C7021A521028001019C5 /* ChallengeVideoTableViewCell.m */; };
		991D95441A4AA625005FE2D1 /* main.m in Sources */ = {isa = PBXBuildFile; fileRef = 991D95431A4AA625005FE2D1 /* main.m */; };
		991D95471A4AA625005FE2D1 /* AppDelegate.m in Sources */ = {isa = PBXBuildFile; fileRef = 991D95461A4AA625005FE2D1 /* AppDelegate.m */; };
		991D954A1A4AA625005FE2D1 /* LoginViewController.m in Sources */ = {isa = PBXBuildFile; fileRef = 991D95491A4AA625005FE2D1 /* LoginViewController.m */; };
		991D954D1A4AA625005FE2D1 /* Main.storyboard in Resources */ = {isa = PBXBuildFile; fileRef = 991D954B1A4AA625005FE2D1 /* Main.storyboard */; };
		991D954F1A4AA625005FE2D1 /* Images.xcassets in Resources */ = {isa = PBXBuildFile; fileRef = 991D954E1A4AA625005FE2D1 /* Images.xcassets */; };
		991D95521A4AA625005FE2D1 /* LaunchScreen.xib in Resources */ = {isa = PBXBuildFile; fileRef = 991D95501A4AA625005FE2D1 /* LaunchScreen.xib */; };
		991D955E1A4AA625005FE2D1 /* An_Apple_A_DayTests.m in Sources */ = {isa = PBXBuildFile; fileRef = 991D955D1A4AA625005FE2D1 /* An_Apple_A_DayTests.m */; };
		995BB6991A4AC80300C32B27 /* QuartzCore.framework in Frameworks */ = {isa = PBXBuildFile; fileRef = 995BB6981A4AC80300C32B27 /* QuartzCore.framework */; };
		995BB69B1A4AC80900C32B27 /* CoreGraphics.framework in Frameworks */ = {isa = PBXBuildFile; fileRef = 995BB69A1A4AC80900C32B27 /* CoreGraphics.framework */; };
		995BB69D1A4AC80F00C32B27 /* Security.framework in Frameworks */ = {isa = PBXBuildFile; fileRef = 995BB69C1A4AC80F00C32B27 /* Security.framework */; };
		995BB69F1A4AC81700C32B27 /* SystemConfiguration.framework in Frameworks */ = {isa = PBXBuildFile; fileRef = 995BB69E1A4AC81700C32B27 /* SystemConfiguration.framework */; };
		995BB6A11A4AC81F00C32B27 /* CFNetwork.framework in Frameworks */ = {isa = PBXBuildFile; fileRef = 995BB6A01A4AC81F00C32B27 /* CFNetwork.framework */; };
		995BB6A31A4AC82500C32B27 /* CoreTelephony.framework in Frameworks */ = {isa = PBXBuildFile; fileRef = 995BB6A21A4AC82500C32B27 /* CoreTelephony.framework */; };
		995BB6A51A4AC82C00C32B27 /* CoreLocation.framework in Frameworks */ = {isa = PBXBuildFile; fileRef = 995BB6A41A4AC82C00C32B27 /* CoreLocation.framework */; };
		995BB6A71A4AC83200C32B27 /* Twitter.framework in Frameworks */ = {isa = PBXBuildFile; fileRef = 995BB6A61A4AC83200C32B27 /* Twitter.framework */; };
		995BB6A91A4AC83800C32B27 /* Social.framework in Frameworks */ = {isa = PBXBuildFile; fileRef = 995BB6A81A4AC83800C32B27 /* Social.framework */; };
		995BB6AB1A4AC83D00C32B27 /* Accounts.framework in Frameworks */ = {isa = PBXBuildFile; fileRef = 995BB6AA1A4AC83D00C32B27 /* Accounts.framework */; };
		99F2BEAA1A4B2D2400EA9592 /* BuiltIO.framework in Frameworks */ = {isa = PBXBuildFile; fileRef = 99F2BEA91A4B2D2400EA9592 /* BuiltIO.framework */; };
		99F2BEAD1A4B6CCB00EA9592 /* Global.m in Sources */ = {isa = PBXBuildFile; fileRef = 99F2BEAC1A4B6CCB00EA9592 /* Global.m */; };
/* End PBXBuildFile section */

/* Begin PBXContainerItemProxy section */
		991D95581A4AA625005FE2D1 /* PBXContainerItemProxy */ = {
			isa = PBXContainerItemProxy;
			containerPortal = 991D95361A4AA625005FE2D1 /* Project object */;
			proxyType = 1;
			remoteGlobalIDString = 991D953D1A4AA625005FE2D1;
			remoteInfo = "An Apple A Day";
		};
/* End PBXContainerItemProxy section */

/* Begin PBXFileReference section */
		843B2D601A4CC2CD00B39CAF /* CompleteChallengeViewController.h */ = {isa = PBXFileReference; fileEncoding = 4; lastKnownFileType = sourcecode.c.h; path = CompleteChallengeViewController.h; sourceTree = "<group>"; };
		843B2D611A4CC2CD00B39CAF /* CompleteChallengeViewController.m */ = {isa = PBXFileReference; fileEncoding = 4; lastKnownFileType = sourcecode.c.objc; path = CompleteChallengeViewController.m; sourceTree = "<group>"; };
		84CED7091A51F5010011D326 /* Gotham-Black.ttf */ = {isa = PBXFileReference; lastKnownFileType = file; name = "Gotham-Black.ttf"; path = "fonts/Gotham-Black.ttf"; sourceTree = "<group>"; };
		84CED70A1A51F5010011D326 /* Gotham-BlackItalic.ttf */ = {isa = PBXFileReference; lastKnownFileType = file; name = "Gotham-BlackItalic.ttf"; path = "fonts/Gotham-BlackItalic.ttf"; sourceTree = "<group>"; };
		84CED70B1A51F5010011D326 /* Gotham-Bold.ttf */ = {isa = PBXFileReference; lastKnownFileType = file; name = "Gotham-Bold.ttf"; path = "fonts/Gotham-Bold.ttf"; sourceTree = "<group>"; };
		84CED70C1A51F5010011D326 /* Gotham-BoldItalic.ttf */ = {isa = PBXFileReference; lastKnownFileType = file; name = "Gotham-BoldItalic.ttf"; path = "fonts/Gotham-BoldItalic.ttf"; sourceTree = "<group>"; };
		84CED70D1A51F5010011D326 /* Gotham-Book.ttf */ = {isa = PBXFileReference; lastKnownFileType = file; name = "Gotham-Book.ttf"; path = "fonts/Gotham-Book.ttf"; sourceTree = "<group>"; };
		84CED70E1A51F5010011D326 /* Gotham-BookItalic.ttf */ = {isa = PBXFileReference; lastKnownFileType = file; name = "Gotham-BookItalic.ttf"; path = "fonts/Gotham-BookItalic.ttf"; sourceTree = "<group>"; };
		84CED70F1A51F5010011D326 /* Gotham-Light.ttf */ = {isa = PBXFileReference; lastKnownFileType = file; name = "Gotham-Light.ttf"; path = "fonts/Gotham-Light.ttf"; sourceTree = "<group>"; };
		84CED7101A51F5010011D326 /* Gotham-LightItalic.ttf */ = {isa = PBXFileReference; lastKnownFileType = file; name = "Gotham-LightItalic.ttf"; path = "fonts/Gotham-LightItalic.ttf"; sourceTree = "<group>"; };
		84CED7111A51F5010011D326 /* Gotham-Medium.ttf */ = {isa = PBXFileReference; lastKnownFileType = file; name = "Gotham-Medium.ttf"; path = "fonts/Gotham-Medium.ttf"; sourceTree = "<group>"; };
		84CED7121A51F5010011D326 /* Gotham-MediumItalic.ttf */ = {isa = PBXFileReference; lastKnownFileType = file; name = "Gotham-MediumItalic.ttf"; path = "fonts/Gotham-MediumItalic.ttf"; sourceTree = "<group>"; };
		84CED7131A51F5010011D326 /* Gotham-Thin.ttf */ = {isa = PBXFileReference; lastKnownFileType = file; name = "Gotham-Thin.ttf"; path = "fonts/Gotham-Thin.ttf"; sourceTree = "<group>"; };
		84CED7141A51F5010011D326 /* Gotham-ThinItalic.ttf */ = {isa = PBXFileReference; lastKnownFileType = file; name = "Gotham-ThinItalic.ttf"; path = "fonts/Gotham-ThinItalic.ttf"; sourceTree = "<group>"; };
		84CED7151A51F5010011D326 /* Gotham-Ultra.ttf */ = {isa = PBXFileReference; lastKnownFileType = file; name = "Gotham-Ultra.ttf"; path = "fonts/Gotham-Ultra.ttf"; sourceTree = "<group>"; };
		84CED7161A51F5010011D326 /* Gotham-UltraItalic.ttf */ = {isa = PBXFileReference; lastKnownFileType = file; name = "Gotham-UltraItalic.ttf"; path = "fonts/Gotham-UltraItalic.ttf"; sourceTree = "<group>"; };
		84CED7171A51F5010011D326 /* Gotham-XLight.ttf */ = {isa = PBXFileReference; lastKnownFileType = file; name = "Gotham-XLight.ttf"; path = "fonts/Gotham-XLight.ttf"; sourceTree = "<group>"; };
		84CED7181A51F5010011D326 /* Gotham-XLightItalic.ttf */ = {isa = PBXFileReference; lastKnownFileType = file; name = "Gotham-XLightItalic.ttf"; path = "fonts/Gotham-XLightItalic.ttf"; sourceTree = "<group>"; };
		84EA1FE61A521EB200E240CB /* CustomNavigationViewController.h */ = {isa = PBXFileReference; fileEncoding = 4; lastKnownFileType = sourcecode.c.h; path = CustomNavigationViewController.h; sourceTree = "<group>"; };
		84EA1FE71A521EB200E240CB /* CustomNavigationViewController.m */ = {isa = PBXFileReference; fileEncoding = 4; lastKnownFileType = sourcecode.c.objc; path = CustomNavigationViewController.m; sourceTree = "<group>"; };
		8632AA451A52913D00C1248D /* ChallengeDetailViewController.h */ = {isa = PBXFileReference; fileEncoding = 4; lastKnownFileType = sourcecode.c.h; path = ChallengeDetailViewController.h; sourceTree = "<group>"; };
		8632AA461A52913D00C1248D /* ChallengeDetailViewController.m */ = {isa = PBXFileReference; fileEncoding = 4; lastKnownFileType = sourcecode.c.objc; path = ChallengeDetailViewController.m; sourceTree = "<group>"; };
		86B5C6C21A4E6C80001019C5 /* HistoryViewController.h */ = {isa = PBXFileReference; fileEncoding = 4; lastKnownFileType = sourcecode.c.h; path = HistoryViewController.h; sourceTree = "<group>"; };
		86B5C6C31A4E6C80001019C5 /* HistoryViewController.m */ = {isa = PBXFileReference; fileEncoding = 4; lastKnownFileType = sourcecode.c.objc; path = HistoryViewController.m; sourceTree = "<group>"; };
		86B5C6C51A4E6E63001019C5 /* CalendarViewController.h */ = {isa = PBXFileReference; fileEncoding = 4; lastKnownFileType = sourcecode.c.h; path = CalendarViewController.h; sourceTree = "<group>"; };
		86B5C6C61A4E6E63001019C5 /* CalendarViewController.m */ = {isa = PBXFileReference; fileEncoding = 4; lastKnownFileType = sourcecode.c.objc; path = CalendarViewController.m; sourceTree = "<group>"; };
		86B5C6D51A4E70AC001019C5 /* UIKit.framework */ = {isa = PBXFileReference; lastKnownFileType = wrapper.framework; name = UIKit.framework; path = System/Library/Frameworks/UIKit.framework; sourceTree = SDKROOT; };
		86B5C6D71A4E7B02001019C5 /* CalendarTableViewController.h */ = {isa = PBXFileReference; fileEncoding = 4; lastKnownFileType = sourcecode.c.h; path = CalendarTableViewController.h; sourceTree = "<group>"; };
		86B5C6D81A4E7B02001019C5 /* CalendarTableViewController.m */ = {isa = PBXFileReference; fileEncoding = 4; lastKnownFileType = sourcecode.c.objc; path = CalendarTableViewController.m; sourceTree = "<group>"; };
		86B5C6DA1A4E930F001019C5 /* Challenge.h */ = {isa = PBXFileReference; fileEncoding = 4; lastKnownFileType = sourcecode.c.h; path = Challenge.h; sourceTree = "<group>"; };
		86B5C6DB1A4E930F001019C5 /* Challenge.m */ = {isa = PBXFileReference; fileEncoding = 4; lastKnownFileType = sourcecode.c.objc; path = Challenge.m; sourceTree = "<group>"; };
		86B5C6E31A4FF054001019C5 /* ChallengeImageTableViewCell.h */ = {isa = PBXFileReference; fileEncoding = 4; lastKnownFileType = sourcecode.c.h; path = ChallengeImageTableViewCell.h; sourceTree = "<group>"; };
		86B5C6E41A4FF054001019C5 /* ChallengeImageTableViewCell.m */ = {isa = PBXFileReference; fileEncoding = 4; lastKnownFileType = sourcecode.c.objc; path = ChallengeImageTableViewCell.m; sourceTree = "<group>"; };
		86B5C6E81A4FF069001019C5 /* ChallengeCommentTableViewCell.h */ = {isa = PBXFileReference; fileEncoding = 4; lastKnownFileType = sourcecode.c.h; path = ChallengeCommentTableViewCell.h; sourceTree = "<group>"; };
		86B5C6E91A4FF069001019C5 /* ChallengeCommentTableViewCell.m */ = {isa = PBXFileReference; fileEncoding = 4; lastKnownFileType = sourcecode.c.objc; path = ChallengeCommentTableViewCell.m; sourceTree = "<group>"; };
		86B5C6ED1A500695001019C5 /* ChallengeTableViewCell.h */ = {isa = PBXFileReference; fileEncoding = 4; lastKnownFileType = sourcecode.c.h; path = ChallengeTableViewCell.h; sourceTree = "<group>"; };
		86B5C6EE1A500695001019C5 /* ChallengeTableViewCell.m */ = {isa = PBXFileReference; fileEncoding = 4; lastKnownFileType = sourcecode.c.objc; path = ChallengeTableViewCell.m; sourceTree = "<group>"; };
		86B5C6F01A513D73001019C5 /* ChallengeTableViewController.h */ = {isa = PBXFileReference; fileEncoding = 4; lastKnownFileType = sourcecode.c.h; path = ChallengeTableViewController.h; sourceTree = "<group>"; };
		86B5C6F11A513D73001019C5 /* ChallengeTableViewController.m */ = {isa = PBXFileReference; fileEncoding = 4; lastKnownFileType = sourcecode.c.objc; path = ChallengeTableViewController.m; sourceTree = "<group>"; };
		86B5C6F31A5143AF001019C5 /* ChallengeHeaderTableViewCell.h */ = {isa = PBXFileReference; fileEncoding = 4; lastKnownFileType = sourcecode.c.h; path = ChallengeHeaderTableViewCell.h; sourceTree = "<group>"; };
		86B5C6F41A5143AF001019C5 /* ChallengeHeaderTableViewCell.m */ = {isa = PBXFileReference; fileEncoding = 4; lastKnownFileType = sourcecode.c.objc; path = ChallengeHeaderTableViewCell.m; sourceTree = "<group>"; };
		86B5C6F61A5143BC001019C5 /* ChallengeInfoTableViewCell.h */ = {isa = PBXFileReference; fileEncoding = 4; lastKnownFileType = sourcecode.c.h; path = ChallengeInfoTableViewCell.h; sourceTree = "<group>"; };
		86B5C6F71A5143BC001019C5 /* ChallengeInfoTableViewCell.m */ = {isa = PBXFileReference; fileEncoding = 4; lastKnownFileType = sourcecode.c.objc; path = ChallengeInfoTableViewCell.m; sourceTree = "<group>"; };
		86B5C6FA1A51440D001019C5 /* ChallengeButtonTableViewCell.h */ = {isa = PBXFileReference; fileEncoding = 4; lastKnownFileType = sourcecode.c.h; path = ChallengeButtonTableViewCell.h; sourceTree = "<group>"; };
		86B5C6FB1A51440D001019C5 /* ChallengeButtonTableViewCell.m */ = {isa = PBXFileReference; fileEncoding = 4; lastKnownFileType = sourcecode.c.objc; path = ChallengeButtonTableViewCell.m; sourceTree = "<group>"; };
		86B5C6FD1A514D90001019C5 /* ChallengeViewController.h */ = {isa = PBXFileReference; fileEncoding = 4; lastKnownFileType = sourcecode.c.h; path = ChallengeViewController.h; sourceTree = "<group>"; };
		86B5C6FE1A514D90001019C5 /* ChallengeViewController.m */ = {isa = PBXFileReference; fileEncoding = 4; lastKnownFileType = sourcecode.c.objc; path = ChallengeViewController.m; sourceTree = "<group>"; };
		86B5C7011A521028001019C5 /* ChallengeVideoTableViewCell.h */ = {isa = PBXFileReference; fileEncoding = 4; lastKnownFileType = sourcecode.c.h; path = ChallengeVideoTableViewCell.h; sourceTree = "<group>"; };
		86B5C7021A521028001019C5 /* ChallengeVideoTableViewCell.m */ = {isa = PBXFileReference; fileEncoding = 4; lastKnownFileType = sourcecode.c.objc; path = ChallengeVideoTableViewCell.m; sourceTree = "<group>"; };
		991D953E1A4AA625005FE2D1 /* An Apple A Day.app */ = {isa = PBXFileReference; explicitFileType = wrapper.application; includeInIndex = 0; path = "An Apple A Day.app"; sourceTree = BUILT_PRODUCTS_DIR; };
		991D95421A4AA625005FE2D1 /* Info.plist */ = {isa = PBXFileReference; lastKnownFileType = text.plist.xml; path = Info.plist; sourceTree = "<group>"; };
		991D95431A4AA625005FE2D1 /* main.m */ = {isa = PBXFileReference; lastKnownFileType = sourcecode.c.objc; path = main.m; sourceTree = "<group>"; };
		991D95451A4AA625005FE2D1 /* AppDelegate.h */ = {isa = PBXFileReference; lastKnownFileType = sourcecode.c.h; path = AppDelegate.h; sourceTree = "<group>"; };
		991D95461A4AA625005FE2D1 /* AppDelegate.m */ = {isa = PBXFileReference; lastKnownFileType = sourcecode.c.objc; path = AppDelegate.m; sourceTree = "<group>"; };
		991D95481A4AA625005FE2D1 /* LoginViewController.h */ = {isa = PBXFileReference; lastKnownFileType = sourcecode.c.h; path = LoginViewController.h; sourceTree = "<group>"; };
		991D95491A4AA625005FE2D1 /* LoginViewController.m */ = {isa = PBXFileReference; lastKnownFileType = sourcecode.c.objc; path = LoginViewController.m; sourceTree = "<group>"; };
		991D954C1A4AA625005FE2D1 /* Base */ = {isa = PBXFileReference; lastKnownFileType = file.storyboard; name = Base; path = Base.lproj/Main.storyboard; sourceTree = "<group>"; };
		991D954E1A4AA625005FE2D1 /* Images.xcassets */ = {isa = PBXFileReference; lastKnownFileType = folder.assetcatalog; path = Images.xcassets; sourceTree = "<group>"; };
		991D95511A4AA625005FE2D1 /* Base */ = {isa = PBXFileReference; lastKnownFileType = file.xib; name = Base; path = Base.lproj/LaunchScreen.xib; sourceTree = "<group>"; };
		991D95571A4AA625005FE2D1 /* An Apple A DayTests.xctest */ = {isa = PBXFileReference; explicitFileType = wrapper.cfbundle; includeInIndex = 0; path = "An Apple A DayTests.xctest"; sourceTree = BUILT_PRODUCTS_DIR; };
		991D955C1A4AA625005FE2D1 /* Info.plist */ = {isa = PBXFileReference; lastKnownFileType = text.plist.xml; path = Info.plist; sourceTree = "<group>"; };
		991D955D1A4AA625005FE2D1 /* An_Apple_A_DayTests.m */ = {isa = PBXFileReference; lastKnownFileType = sourcecode.c.objc; path = An_Apple_A_DayTests.m; sourceTree = "<group>"; };
		995BB6981A4AC80300C32B27 /* QuartzCore.framework */ = {isa = PBXFileReference; lastKnownFileType = wrapper.framework; name = QuartzCore.framework; path = System/Library/Frameworks/QuartzCore.framework; sourceTree = SDKROOT; };
		995BB69A1A4AC80900C32B27 /* CoreGraphics.framework */ = {isa = PBXFileReference; lastKnownFileType = wrapper.framework; name = CoreGraphics.framework; path = System/Library/Frameworks/CoreGraphics.framework; sourceTree = SDKROOT; };
		995BB69C1A4AC80F00C32B27 /* Security.framework */ = {isa = PBXFileReference; lastKnownFileType = wrapper.framework; name = Security.framework; path = System/Library/Frameworks/Security.framework; sourceTree = SDKROOT; };
		995BB69E1A4AC81700C32B27 /* SystemConfiguration.framework */ = {isa = PBXFileReference; lastKnownFileType = wrapper.framework; name = SystemConfiguration.framework; path = System/Library/Frameworks/SystemConfiguration.framework; sourceTree = SDKROOT; };
		995BB6A01A4AC81F00C32B27 /* CFNetwork.framework */ = {isa = PBXFileReference; lastKnownFileType = wrapper.framework; name = CFNetwork.framework; path = System/Library/Frameworks/CFNetwork.framework; sourceTree = SDKROOT; };
		995BB6A21A4AC82500C32B27 /* CoreTelephony.framework */ = {isa = PBXFileReference; lastKnownFileType = wrapper.framework; name = CoreTelephony.framework; path = System/Library/Frameworks/CoreTelephony.framework; sourceTree = SDKROOT; };
		995BB6A41A4AC82C00C32B27 /* CoreLocation.framework */ = {isa = PBXFileReference; lastKnownFileType = wrapper.framework; name = CoreLocation.framework; path = System/Library/Frameworks/CoreLocation.framework; sourceTree = SDKROOT; };
		995BB6A61A4AC83200C32B27 /* Twitter.framework */ = {isa = PBXFileReference; lastKnownFileType = wrapper.framework; name = Twitter.framework; path = System/Library/Frameworks/Twitter.framework; sourceTree = SDKROOT; };
		995BB6A81A4AC83800C32B27 /* Social.framework */ = {isa = PBXFileReference; lastKnownFileType = wrapper.framework; name = Social.framework; path = System/Library/Frameworks/Social.framework; sourceTree = SDKROOT; };
		995BB6AA1A4AC83D00C32B27 /* Accounts.framework */ = {isa = PBXFileReference; lastKnownFileType = wrapper.framework; name = Accounts.framework; path = System/Library/Frameworks/Accounts.framework; sourceTree = SDKROOT; };
		99F2BEA91A4B2D2400EA9592 /* BuiltIO.framework */ = {isa = PBXFileReference; lastKnownFileType = wrapper.framework; path = BuiltIO.framework; sourceTree = "<group>"; };
		99F2BEAB1A4B6CCB00EA9592 /* Global.h */ = {isa = PBXFileReference; fileEncoding = 4; lastKnownFileType = sourcecode.c.h; path = Global.h; sourceTree = "<group>"; };
		99F2BEAC1A4B6CCB00EA9592 /* Global.m */ = {isa = PBXFileReference; fileEncoding = 4; lastKnownFileType = sourcecode.c.objc; path = Global.m; sourceTree = "<group>"; };
		B4FE2D2640C6CA9AAF67947A /* Pods.release.xcconfig */ = {isa = PBXFileReference; includeInIndex = 1; lastKnownFileType = text.xcconfig; name = Pods.release.xcconfig; path = "Pods/Target Support Files/Pods/Pods.release.xcconfig"; sourceTree = "<group>"; };
		E946D728C64AE1B0F4173F49 /* Pods.debug.xcconfig */ = {isa = PBXFileReference; includeInIndex = 1; lastKnownFileType = text.xcconfig; name = Pods.debug.xcconfig; path = "Pods/Target Support Files/Pods/Pods.debug.xcconfig"; sourceTree = "<group>"; };
		F4D29D854CD7DD50863B22BA /* libPods.a */ = {isa = PBXFileReference; explicitFileType = archive.ar; includeInIndex = 0; path = libPods.a; sourceTree = BUILT_PRODUCTS_DIR; };
/* End PBXFileReference section */

/* Begin PBXFrameworksBuildPhase section */
		991D953B1A4AA625005FE2D1 /* Frameworks */ = {
			isa = PBXFrameworksBuildPhase;
			buildActionMask = 2147483647;
			files = (
				86B5C6D61A4E70AC001019C5 /* UIKit.framework in Frameworks */,
				995BB6AB1A4AC83D00C32B27 /* Accounts.framework in Frameworks */,
				99F2BEAA1A4B2D2400EA9592 /* BuiltIO.framework in Frameworks */,
				995BB6A91A4AC83800C32B27 /* Social.framework in Frameworks */,
				995BB6A71A4AC83200C32B27 /* Twitter.framework in Frameworks */,
				995BB6A51A4AC82C00C32B27 /* CoreLocation.framework in Frameworks */,
				995BB6A31A4AC82500C32B27 /* CoreTelephony.framework in Frameworks */,
				995BB6A11A4AC81F00C32B27 /* CFNetwork.framework in Frameworks */,
				995BB69F1A4AC81700C32B27 /* SystemConfiguration.framework in Frameworks */,
				995BB69D1A4AC80F00C32B27 /* Security.framework in Frameworks */,
				995BB69B1A4AC80900C32B27 /* CoreGraphics.framework in Frameworks */,
				995BB6991A4AC80300C32B27 /* QuartzCore.framework in Frameworks */,
				69AB875F0D41BD079FEB23F9 /* libPods.a in Frameworks */,
			);
			runOnlyForDeploymentPostprocessing = 0;
		};
		991D95541A4AA625005FE2D1 /* Frameworks */ = {
			isa = PBXFrameworksBuildPhase;
			buildActionMask = 2147483647;
			files = (
			);
			runOnlyForDeploymentPostprocessing = 0;
		};
/* End PBXFrameworksBuildPhase section */

/* Begin PBXGroup section */
		5CADD213FAEFEBEB683BD4BC /* Frameworks */ = {
			isa = PBXGroup;
			children = (
				86B5C6D51A4E70AC001019C5 /* UIKit.framework */,
				99F2BEA91A4B2D2400EA9592 /* BuiltIO.framework */,
				995BB6AA1A4AC83D00C32B27 /* Accounts.framework */,
				995BB6A81A4AC83800C32B27 /* Social.framework */,
				995BB6A61A4AC83200C32B27 /* Twitter.framework */,
				995BB6A41A4AC82C00C32B27 /* CoreLocation.framework */,
				995BB6A21A4AC82500C32B27 /* CoreTelephony.framework */,
				995BB6A01A4AC81F00C32B27 /* CFNetwork.framework */,
				995BB69E1A4AC81700C32B27 /* SystemConfiguration.framework */,
				995BB69C1A4AC80F00C32B27 /* Security.framework */,
				995BB69A1A4AC80900C32B27 /* CoreGraphics.framework */,
				995BB6981A4AC80300C32B27 /* QuartzCore.framework */,
				F4D29D854CD7DD50863B22BA /* libPods.a */,
			);
			name = Frameworks;
			sourceTree = "<group>";
		};
		81D951DBA4D1F2FC56336D8B /* Pods */ = {
			isa = PBXGroup;
			children = (
				E946D728C64AE1B0F4173F49 /* Pods.debug.xcconfig */,
				B4FE2D2640C6CA9AAF67947A /* Pods.release.xcconfig */,
			);
			name = Pods;
			sourceTree = "<group>";
		};
		84CED7291A51F51B0011D326 /* fonts */ = {
			isa = PBXGroup;
			children = (
				84CED7091A51F5010011D326 /* Gotham-Black.ttf */,
				84CED70A1A51F5010011D326 /* Gotham-BlackItalic.ttf */,
				84CED70B1A51F5010011D326 /* Gotham-Bold.ttf */,
				84CED70C1A51F5010011D326 /* Gotham-BoldItalic.ttf */,
				84CED70D1A51F5010011D326 /* Gotham-Book.ttf */,
				84CED70E1A51F5010011D326 /* Gotham-BookItalic.ttf */,
				84CED70F1A51F5010011D326 /* Gotham-Light.ttf */,
				84CED7101A51F5010011D326 /* Gotham-LightItalic.ttf */,
				84CED7111A51F5010011D326 /* Gotham-Medium.ttf */,
				84CED7121A51F5010011D326 /* Gotham-MediumItalic.ttf */,
				84CED7131A51F5010011D326 /* Gotham-Thin.ttf */,
				84CED7141A51F5010011D326 /* Gotham-ThinItalic.ttf */,
				84CED7151A51F5010011D326 /* Gotham-Ultra.ttf */,
				84CED7161A51F5010011D326 /* Gotham-UltraItalic.ttf */,
				84CED7171A51F5010011D326 /* Gotham-XLight.ttf */,
				84CED7181A51F5010011D326 /* Gotham-XLightItalic.ttf */,
			);
			name = fonts;
			sourceTree = "<group>";
		};
		86B5C6F91A5143D6001019C5 /* ChallengeTableViewCells */ = {
			isa = PBXGroup;
			children = (
				86B5C6F31A5143AF001019C5 /* ChallengeHeaderTableViewCell.h */,
				86B5C6F41A5143AF001019C5 /* ChallengeHeaderTableViewCell.m */,
				86B5C6F61A5143BC001019C5 /* ChallengeInfoTableViewCell.h */,
				86B5C6F71A5143BC001019C5 /* ChallengeInfoTableViewCell.m */,
				86B5C6E31A4FF054001019C5 /* ChallengeImageTableViewCell.h */,
				86B5C6E41A4FF054001019C5 /* ChallengeImageTableViewCell.m */,
				86B5C6E81A4FF069001019C5 /* ChallengeCommentTableViewCell.h */,
				86B5C6E91A4FF069001019C5 /* ChallengeCommentTableViewCell.m */,
				86B5C6FA1A51440D001019C5 /* ChallengeButtonTableViewCell.h */,
				86B5C6FB1A51440D001019C5 /* ChallengeButtonTableViewCell.m */,
				86B5C7011A521028001019C5 /* ChallengeVideoTableViewCell.h */,
				86B5C7021A521028001019C5 /* ChallengeVideoTableViewCell.m */,
			);
			name = ChallengeTableViewCells;
			sourceTree = "<group>";
		};
		991D95351A4AA625005FE2D1 = {
			isa = PBXGroup;
			children = (
				991D95401A4AA625005FE2D1 /* An Apple A Day */,
				991D955A1A4AA625005FE2D1 /* An Apple A DayTests */,
				991D953F1A4AA625005FE2D1 /* Products */,
				81D951DBA4D1F2FC56336D8B /* Pods */,
				5CADD213FAEFEBEB683BD4BC /* Frameworks */,
			);
			sourceTree = "<group>";
		};
		991D953F1A4AA625005FE2D1 /* Products */ = {
			isa = PBXGroup;
			children = (
				991D953E1A4AA625005FE2D1 /* An Apple A Day.app */,
				991D95571A4AA625005FE2D1 /* An Apple A DayTests.xctest */,
			);
			name = Products;
			sourceTree = "<group>";
		};
		991D95401A4AA625005FE2D1 /* An Apple A Day */ = {
			isa = PBXGroup;
			children = (
				991D95411A4AA625005FE2D1 /* Supporting Files */,
				991D954B1A4AA625005FE2D1 /* Main.storyboard */,
				991D95501A4AA625005FE2D1 /* LaunchScreen.xib */,
				991D954E1A4AA625005FE2D1 /* Images.xcassets */,
				99B6507F1A5327DE00730781 /* Helper */,
				99B6507E1A5327CE00730781 /* Homepage */,
				99B650801A5327EE00730781 /* Login */,
				86B5C6F91A5143D6001019C5 /* ChallengeTableViewCells */,
				99B650811A53282400730781 /* History */,
			);
			path = "An Apple A Day";
			sourceTree = "<group>";
		};
		991D95411A4AA625005FE2D1 /* Supporting Files */ = {
			isa = PBXGroup;
			children = (
				84CED7291A51F51B0011D326 /* fonts */,
				991D95421A4AA625005FE2D1 /* Info.plist */,
				991D95431A4AA625005FE2D1 /* main.m */,
			);
			name = "Supporting Files";
			sourceTree = "<group>";
		};
		991D955A1A4AA625005FE2D1 /* An Apple A DayTests */ = {
			isa = PBXGroup;
			children = (
				991D955D1A4AA625005FE2D1 /* An_Apple_A_DayTests.m */,
				991D955B1A4AA625005FE2D1 /* Supporting Files */,
			);
			path = "An Apple A DayTests";
			sourceTree = "<group>";
		};
		991D955B1A4AA625005FE2D1 /* Supporting Files */ = {
			isa = PBXGroup;
			children = (
				991D955C1A4AA625005FE2D1 /* Info.plist */,
			);
			name = "Supporting Files";
			sourceTree = "<group>";
		};
		99B6507E1A5327CE00730781 /* Homepage */ = {
			isa = PBXGroup;
			children = (
				86B5C6FD1A514D90001019C5 /* ChallengeViewController.h */,
				86B5C6FE1A514D90001019C5 /* ChallengeViewController.m */,
				86B5C6F01A513D73001019C5 /* ChallengeTableViewController.h */,
				86B5C6F11A513D73001019C5 /* ChallengeTableViewController.m */,
				843B2D601A4CC2CD00B39CAF /* CompleteChallengeViewController.h */,
				843B2D611A4CC2CD00B39CAF /* CompleteChallengeViewController.m */,
			);
			name = Homepage;
			sourceTree = "<group>";
		};
		99B6507F1A5327DE00730781 /* Helper */ = {
			isa = PBXGroup;
			children = (
				99F2BEAB1A4B6CCB00EA9592 /* Global.h */,
				99F2BEAC1A4B6CCB00EA9592 /* Global.m */,
				86B5C6DA1A4E930F001019C5 /* Challenge.h */,
				86B5C6DB1A4E930F001019C5 /* Challenge.m */,
				991D95451A4AA625005FE2D1 /* AppDelegate.h */,
				991D95461A4AA625005FE2D1 /* AppDelegate.m */,
				84EA1FE61A521EB200E240CB /* CustomNavigationViewController.h */,
				84EA1FE71A521EB200E240CB /* CustomNavigationViewController.m */,
			);
			name = Helper;
			sourceTree = "<group>";
		};
		99B650801A5327EE00730781 /* Login */ = {
			isa = PBXGroup;
			children = (
				991D95481A4AA625005FE2D1 /* LoginViewController.h */,
				991D95491A4AA625005FE2D1 /* LoginViewController.m */,
			);
			name = Login;
			sourceTree = "<group>";
		};
		99B650811A53282400730781 /* History */ = {
			isa = PBXGroup;
			children = (
				86B5C6C21A4E6C80001019C5 /* HistoryViewController.h */,
				86B5C6C31A4E6C80001019C5 /* HistoryViewController.m */,
				86B5C6C51A4E6E63001019C5 /* CalendarViewController.h */,
				86B5C6C61A4E6E63001019C5 /* CalendarViewController.m */,
				86B5C6D71A4E7B02001019C5 /* CalendarTableViewController.h */,
				86B5C6D81A4E7B02001019C5 /* CalendarTableViewController.m */,
				86B5C6ED1A500695001019C5 /* ChallengeTableViewCell.h */,
				86B5C6EE1A500695001019C5 /* ChallengeTableViewCell.m */,
				8632AA451A52913D00C1248D /* ChallengeDetailViewController.h */,
				8632AA461A52913D00C1248D /* ChallengeDetailViewController.m */,
			);
			name = History;
			sourceTree = "<group>";
		};
/* End PBXGroup section */

/* Begin PBXNativeTarget section */
		991D953D1A4AA625005FE2D1 /* An Apple A Day */ = {
			isa = PBXNativeTarget;
			buildConfigurationList = 991D95611A4AA625005FE2D1 /* Build configuration list for PBXNativeTarget "An Apple A Day" */;
			buildPhases = (
				95D9B2CD39427B6E7BF6F600 /* Check Pods Manifest.lock */,
				991D953A1A4AA625005FE2D1 /* Sources */,
				991D953B1A4AA625005FE2D1 /* Frameworks */,
				991D953C1A4AA625005FE2D1 /* Resources */,
				E59782AB19A8E507CAFEBA5C /* Copy Pods Resources */,
			);
			buildRules = (
			);
			dependencies = (
			);
			name = "An Apple A Day";
			productName = "An Apple A Day";
			productReference = 991D953E1A4AA625005FE2D1 /* An Apple A Day.app */;
			productType = "com.apple.product-type.application";
		};
		991D95561A4AA625005FE2D1 /* An Apple A DayTests */ = {
			isa = PBXNativeTarget;
			buildConfigurationList = 991D95641A4AA625005FE2D1 /* Build configuration list for PBXNativeTarget "An Apple A DayTests" */;
			buildPhases = (
				991D95531A4AA625005FE2D1 /* Sources */,
				991D95541A4AA625005FE2D1 /* Frameworks */,
				991D95551A4AA625005FE2D1 /* Resources */,
			);
			buildRules = (
			);
			dependencies = (
				991D95591A4AA625005FE2D1 /* PBXTargetDependency */,
			);
			name = "An Apple A DayTests";
			productName = "An Apple A DayTests";
			productReference = 991D95571A4AA625005FE2D1 /* An Apple A DayTests.xctest */;
			productType = "com.apple.product-type.bundle.unit-test";
		};
/* End PBXNativeTarget section */

/* Begin PBXProject section */
		991D95361A4AA625005FE2D1 /* Project object */ = {
			isa = PBXProject;
			attributes = {
				LastUpgradeCheck = 0610;
				ORGANIZATIONNAME = ieor190;
				TargetAttributes = {
					991D953D1A4AA625005FE2D1 = {
						CreatedOnToolsVersion = 6.1.1;
						DevelopmentTeam = M2R83997R2;
					};
					991D95561A4AA625005FE2D1 = {
						CreatedOnToolsVersion = 6.1.1;
						TestTargetID = 991D953D1A4AA625005FE2D1;
					};
				};
			};
			buildConfigurationList = 991D95391A4AA625005FE2D1 /* Build configuration list for PBXProject "An Apple A Day" */;
			compatibilityVersion = "Xcode 3.2";
			developmentRegion = English;
			hasScannedForEncodings = 0;
			knownRegions = (
				en,
				Base,
			);
			mainGroup = 991D95351A4AA625005FE2D1;
			productRefGroup = 991D953F1A4AA625005FE2D1 /* Products */;
			projectDirPath = "";
			projectRoot = "";
			targets = (
				991D953D1A4AA625005FE2D1 /* An Apple A Day */,
				991D95561A4AA625005FE2D1 /* An Apple A DayTests */,
			);
		};
/* End PBXProject section */

/* Begin PBXResourcesBuildPhase section */
		991D953C1A4AA625005FE2D1 /* Resources */ = {
			isa = PBXResourcesBuildPhase;
			buildActionMask = 2147483647;
			files = (
				991D954D1A4AA625005FE2D1 /* Main.storyboard in Resources */,
				84CED7261A51F5010011D326 /* Gotham-UltraItalic.ttf in Resources */,
				84CED7281A51F5010011D326 /* Gotham-XLightItalic.ttf in Resources */,
				991D95521A4AA625005FE2D1 /* LaunchScreen.xib in Resources */,
				84CED71A1A51F5010011D326 /* Gotham-BlackItalic.ttf in Resources */,
				991D954F1A4AA625005FE2D1 /* Images.xcassets in Resources */,
				84CED7211A51F5010011D326 /* Gotham-Medium.ttf in Resources */,
				84CED7221A51F5010011D326 /* Gotham-MediumItalic.ttf in Resources */,
				84CED7251A51F5010011D326 /* Gotham-Ultra.ttf in Resources */,
				84CED7231A51F5010011D326 /* Gotham-Thin.ttf in Resources */,
				84CED7241A51F5010011D326 /* Gotham-ThinItalic.ttf in Resources */,
				84CED71F1A51F5010011D326 /* Gotham-Light.ttf in Resources */,
				84CED7191A51F5010011D326 /* Gotham-Black.ttf in Resources */,
				84CED71E1A51F5010011D326 /* Gotham-BookItalic.ttf in Resources */,
				84CED71C1A51F5010011D326 /* Gotham-BoldItalic.ttf in Resources */,
				84CED71D1A51F5010011D326 /* Gotham-Book.ttf in Resources */,
				84CED7271A51F5010011D326 /* Gotham-XLight.ttf in Resources */,
				84CED7201A51F5010011D326 /* Gotham-LightItalic.ttf in Resources */,
				84CED71B1A51F5010011D326 /* Gotham-Bold.ttf in Resources */,
			);
			runOnlyForDeploymentPostprocessing = 0;
		};
		991D95551A4AA625005FE2D1 /* Resources */ = {
			isa = PBXResourcesBuildPhase;
			buildActionMask = 2147483647;
			files = (
			);
			runOnlyForDeploymentPostprocessing = 0;
		};
/* End PBXResourcesBuildPhase section */

/* Begin PBXShellScriptBuildPhase section */
		95D9B2CD39427B6E7BF6F600 /* Check Pods Manifest.lock */ = {
			isa = PBXShellScriptBuildPhase;
			buildActionMask = 2147483647;
			files = (
			);
			inputPaths = (
			);
			name = "Check Pods Manifest.lock";
			outputPaths = (
			);
			runOnlyForDeploymentPostprocessing = 0;
			shellPath = /bin/sh;
			shellScript = "diff \"${PODS_ROOT}/../Podfile.lock\" \"${PODS_ROOT}/Manifest.lock\" > /dev/null\nif [[ $? != 0 ]] ; then\n    cat << EOM\nerror: The sandbox is not in sync with the Podfile.lock. Run 'pod install' or update your CocoaPods installation.\nEOM\n    exit 1\nfi\n";
			showEnvVarsInLog = 0;
		};
		E59782AB19A8E507CAFEBA5C /* Copy Pods Resources */ = {
			isa = PBXShellScriptBuildPhase;
			buildActionMask = 2147483647;
			files = (
			);
			inputPaths = (
			);
			name = "Copy Pods Resources";
			outputPaths = (
			);
			runOnlyForDeploymentPostprocessing = 0;
			shellPath = /bin/sh;
			shellScript = "\"${SRCROOT}/Pods/Target Support Files/Pods/Pods-resources.sh\"\n";
			showEnvVarsInLog = 0;
		};
/* End PBXShellScriptBuildPhase section */

/* Begin PBXSourcesBuildPhase section */
		991D953A1A4AA625005FE2D1 /* Sources */ = {
			isa = PBXSourcesBuildPhase;
			buildActionMask = 2147483647;
			files = (
				991D954A1A4AA625005FE2D1 /* LoginViewController.m in Sources */,
				86B5C6FC1A51440D001019C5 /* ChallengeButtonTableViewCell.m in Sources */,
				86B5C6DC1A4E930F001019C5 /* Challenge.m in Sources */,
				86B5C6FF1A514D90001019C5 /* ChallengeViewController.m in Sources */,
				8632AA471A52913D00C1248D /* ChallengeDetailViewController.m in Sources */,
				86B5C6F21A513D73001019C5 /* ChallengeTableViewController.m in Sources */,
				991D95471A4AA625005FE2D1 /* AppDelegate.m in Sources */,
				99F2BEAD1A4B6CCB00EA9592 /* Global.m in Sources */,
				86B5C6F81A5143BC001019C5 /* ChallengeInfoTableViewCell.m in Sources */,
				843B2D631A4CC2CD00B39CAF /* CompleteChallengeViewController.m in Sources */,
				84EA1FE81A521EB200E240CB /* CustomNavigationViewController.m in Sources */,
				86B5C6C71A4E6E63001019C5 /* CalendarViewController.m in Sources */,
				86B5C6F51A5143AF001019C5 /* ChallengeHeaderTableViewCell.m in Sources */,
				86B5C6EF1A500695001019C5 /* ChallengeTableViewCell.m in Sources */,
				86B5C6D91A4E7B02001019C5 /* CalendarTableViewController.m in Sources */,
				86B5C6E61A4FF054001019C5 /* ChallengeImageTableViewCell.m in Sources */,
				86B5C6C41A4E6C80001019C5 /* HistoryViewController.m in Sources */,
				86B5C7031A521028001019C5 /* ChallengeVideoTableViewCell.m in Sources */,
				86B5C6EB1A4FF069001019C5 /* ChallengeCommentTableViewCell.m in Sources */,
				991D95441A4AA625005FE2D1 /* main.m in Sources */,
			);
			runOnlyForDeploymentPostprocessing = 0;
		};
		991D95531A4AA625005FE2D1 /* Sources */ = {
			isa = PBXSourcesBuildPhase;
			buildActionMask = 2147483647;
			files = (
				991D955E1A4AA625005FE2D1 /* An_Apple_A_DayTests.m in Sources */,
			);
			runOnlyForDeploymentPostprocessing = 0;
		};
/* End PBXSourcesBuildPhase section */

/* Begin PBXTargetDependency section */
		991D95591A4AA625005FE2D1 /* PBXTargetDependency */ = {
			isa = PBXTargetDependency;
			target = 991D953D1A4AA625005FE2D1 /* An Apple A Day */;
			targetProxy = 991D95581A4AA625005FE2D1 /* PBXContainerItemProxy */;
		};
/* End PBXTargetDependency section */

/* Begin PBXVariantGroup section */
		991D954B1A4AA625005FE2D1 /* Main.storyboard */ = {
			isa = PBXVariantGroup;
			children = (
				991D954C1A4AA625005FE2D1 /* Base */,
			);
			name = Main.storyboard;
			sourceTree = "<group>";
		};
		991D95501A4AA625005FE2D1 /* LaunchScreen.xib */ = {
			isa = PBXVariantGroup;
			children = (
				991D95511A4AA625005FE2D1 /* Base */,
			);
			name = LaunchScreen.xib;
			sourceTree = "<group>";
		};
/* End PBXVariantGroup section */

/* Begin XCBuildConfiguration section */
		991D955F1A4AA625005FE2D1 /* Debug */ = {
			isa = XCBuildConfiguration;
			buildSettings = {
				ALWAYS_SEARCH_USER_PATHS = NO;
				CLANG_CXX_LANGUAGE_STANDARD = "gnu++0x";
				CLANG_CXX_LIBRARY = "libc++";
				CLANG_ENABLE_MODULES = YES;
				CLANG_ENABLE_OBJC_ARC = YES;
				CLANG_WARN_BOOL_CONVERSION = YES;
				CLANG_WARN_CONSTANT_CONVERSION = YES;
				CLANG_WARN_DIRECT_OBJC_ISA_USAGE = YES_ERROR;
				CLANG_WARN_EMPTY_BODY = YES;
				CLANG_WARN_ENUM_CONVERSION = YES;
				CLANG_WARN_INT_CONVERSION = YES;
				CLANG_WARN_OBJC_ROOT_CLASS = YES_ERROR;
				CLANG_WARN_UNREACHABLE_CODE = YES;
				CLANG_WARN__DUPLICATE_METHOD_MATCH = YES;
				"CODE_SIGN_IDENTITY[sdk=iphoneos*]" = "iPhone Developer";
				COPY_PHASE_STRIP = NO;
				ENABLE_STRICT_OBJC_MSGSEND = YES;
				GCC_C_LANGUAGE_STANDARD = gnu99;
				GCC_DYNAMIC_NO_PIC = NO;
				GCC_OPTIMIZATION_LEVEL = 0;
				GCC_PREPROCESSOR_DEFINITIONS = (
					"DEBUG=1",
					"$(inherited)",
				);
				GCC_SYMBOLS_PRIVATE_EXTERN = NO;
				GCC_WARN_64_TO_32_BIT_CONVERSION = YES;
				GCC_WARN_ABOUT_RETURN_TYPE = YES_ERROR;
				GCC_WARN_UNDECLARED_SELECTOR = YES;
				GCC_WARN_UNINITIALIZED_AUTOS = YES_AGGRESSIVE;
				GCC_WARN_UNUSED_FUNCTION = YES;
				GCC_WARN_UNUSED_VARIABLE = YES;
				IPHONEOS_DEPLOYMENT_TARGET = 8.1;
				MTL_ENABLE_DEBUG_INFO = YES;
				ONLY_ACTIVE_ARCH = YES;
				SDKROOT = iphoneos;
				TARGETED_DEVICE_FAMILY = "1,2";
			};
			name = Debug;
		};
		991D95601A4AA625005FE2D1 /* Release */ = {
			isa = XCBuildConfiguration;
			buildSettings = {
				ALWAYS_SEARCH_USER_PATHS = NO;
				CLANG_CXX_LANGUAGE_STANDARD = "gnu++0x";
				CLANG_CXX_LIBRARY = "libc++";
				CLANG_ENABLE_MODULES = YES;
				CLANG_ENABLE_OBJC_ARC = YES;
				CLANG_WARN_BOOL_CONVERSION = YES;
				CLANG_WARN_CONSTANT_CONVERSION = YES;
				CLANG_WARN_DIRECT_OBJC_ISA_USAGE = YES_ERROR;
				CLANG_WARN_EMPTY_BODY = YES;
				CLANG_WARN_ENUM_CONVERSION = YES;
				CLANG_WARN_INT_CONVERSION = YES;
				CLANG_WARN_OBJC_ROOT_CLASS = YES_ERROR;
				CLANG_WARN_UNREACHABLE_CODE = YES;
				CLANG_WARN__DUPLICATE_METHOD_MATCH = YES;
				"CODE_SIGN_IDENTITY[sdk=iphoneos*]" = "iPhone Developer";
				COPY_PHASE_STRIP = YES;
				ENABLE_NS_ASSERTIONS = NO;
				ENABLE_STRICT_OBJC_MSGSEND = YES;
				GCC_C_LANGUAGE_STANDARD = gnu99;
				GCC_WARN_64_TO_32_BIT_CONVERSION = YES;
				GCC_WARN_ABOUT_RETURN_TYPE = YES_ERROR;
				GCC_WARN_UNDECLARED_SELECTOR = YES;
				GCC_WARN_UNINITIALIZED_AUTOS = YES_AGGRESSIVE;
				GCC_WARN_UNUSED_FUNCTION = YES;
				GCC_WARN_UNUSED_VARIABLE = YES;
				IPHONEOS_DEPLOYMENT_TARGET = 8.1;
				MTL_ENABLE_DEBUG_INFO = NO;
				SDKROOT = iphoneos;
				TARGETED_DEVICE_FAMILY = "1,2";
				VALIDATE_PRODUCT = YES;
			};
			name = Release;
		};
		991D95621A4AA625005FE2D1 /* Debug */ = {
			isa = XCBuildConfiguration;
			baseConfigurationReference = E946D728C64AE1B0F4173F49 /* Pods.debug.xcconfig */;
			buildSettings = {
				ASSETCATALOG_COMPILER_APPICON_NAME = AppIcon;
				ASSETCATALOG_COMPILER_LAUNCHIMAGE_NAME = LaunchImage;
				CODE_SIGN_IDENTITY = "iPhone Developer";
				FRAMEWORK_SEARCH_PATHS = (
					"$(inherited)",
					"$(PROJECT_DIR)/An",
					Apple,
					A,
					Day,
					"$(PROJECT_DIR)/An",
					Apple,
					A,
					Day,
					"$(PROJECT_DIR)",
				);
				INFOPLIST_FILE = "An Apple A Day/Info.plist";
				IPHONEOS_DEPLOYMENT_TARGET = 7.1;
				LD_RUNPATH_SEARCH_PATHS = "$(inherited) @executable_path/Frameworks";
				PRODUCT_NAME = "$(TARGET_NAME)";
				TARGETED_DEVICE_FAMILY = "1,2";
			};
			name = Debug;
		};
		991D95631A4AA625005FE2D1 /* Release */ = {
			isa = XCBuildConfiguration;
			baseConfigurationReference = B4FE2D2640C6CA9AAF67947A /* Pods.release.xcconfig */;
			buildSettings = {
				ASSETCATALOG_COMPILER_APPICON_NAME = AppIcon;
				ASSETCATALOG_COMPILER_LAUNCHIMAGE_NAME = LaunchImage;
				CODE_SIGN_IDENTITY = "iPhone Developer";
				FRAMEWORK_SEARCH_PATHS = (
					"$(inherited)",
					"$(PROJECT_DIR)/An",
					Apple,
					A,
					Day,
					"$(PROJECT_DIR)/An",
					Apple,
					A,
					Day,
					"$(PROJECT_DIR)",
				);
				INFOPLIST_FILE = "An Apple A Day/Info.plist";
				IPHONEOS_DEPLOYMENT_TARGET = 7.1;
				LD_RUNPATH_SEARCH_PATHS = "$(inherited) @executable_path/Frameworks";
				PRODUCT_NAME = "$(TARGET_NAME)";
				TARGETED_DEVICE_FAMILY = "1,2";
			};
			name = Release;
		};
		991D95651A4AA625005FE2D1 /* Debug */ = {
			isa = XCBuildConfiguration;
			buildSettings = {
				BUNDLE_LOADER = "$(TEST_HOST)";
				FRAMEWORK_SEARCH_PATHS = (
					"$(SDKROOT)/Developer/Library/Frameworks",
					"$(inherited)",
				);
				GCC_PREPROCESSOR_DEFINITIONS = (
					"DEBUG=1",
					"$(inherited)",
				);
				INFOPLIST_FILE = "An Apple A DayTests/Info.plist";
				LD_RUNPATH_SEARCH_PATHS = "$(inherited) @executable_path/Frameworks @loader_path/Frameworks";
				PRODUCT_NAME = "$(TARGET_NAME)";
				TEST_HOST = "$(BUILT_PRODUCTS_DIR)/An Apple A Day.app/An Apple A Day";
			};
			name = Debug;
		};
		991D95661A4AA625005FE2D1 /* Release */ = {
			isa = XCBuildConfiguration;
			buildSettings = {
				BUNDLE_LOADER = "$(TEST_HOST)";
				FRAMEWORK_SEARCH_PATHS = (
					"$(SDKROOT)/Developer/Library/Frameworks",
					"$(inherited)",
				);
				INFOPLIST_FILE = "An Apple A DayTests/Info.plist";
				LD_RUNPATH_SEARCH_PATHS = "$(inherited) @executable_path/Frameworks @loader_path/Frameworks";
				PRODUCT_NAME = "$(TARGET_NAME)";
				TEST_HOST = "$(BUILT_PRODUCTS_DIR)/An Apple A Day.app/An Apple A Day";
			};
			name = Release;
		};
/* End XCBuildConfiguration section */

/* Begin XCConfigurationList section */
		991D95391A4AA625005FE2D1 /* Build configuration list for PBXProject "An Apple A Day" */ = {
			isa = XCConfigurationList;
			buildConfigurations = (
				991D955F1A4AA625005FE2D1 /* Debug */,
				991D95601A4AA625005FE2D1 /* Release */,
			);
			defaultConfigurationIsVisible = 0;
			defaultConfigurationName = Release;
		};
		991D95611A4AA625005FE2D1 /* Build configuration list for PBXNativeTarget "An Apple A Day" */ = {
			isa = XCConfigurationList;
			buildConfigurations = (
				991D95621A4AA625005FE2D1 /* Debug */,
				991D95631A4AA625005FE2D1 /* Release */,
			);
			defaultConfigurationIsVisible = 0;
			defaultConfigurationName = Release;
		};
		991D95641A4AA625005FE2D1 /* Build configuration list for PBXNativeTarget "An Apple A DayTests" */ = {
			isa = XCConfigurationList;
			buildConfigurations = (
				991D95651A4AA625005FE2D1 /* Debug */,
				991D95661A4AA625005FE2D1 /* Release */,
			);
			defaultConfigurationIsVisible = 0;
			defaultConfigurationName = Release;
		};
/* End XCConfigurationList section */
	};
	rootObject = 991D95361A4AA625005FE2D1 /* Project object */;
}
